
Microsoft Visual Studio Solution File, Format Version 12.00
# Visual Studio 15
VisualStudioVersion = 15.0.28307.902
MinimumVisualStudioVersion = 10.0.40219.1
Project("{E24C65DC-7377-472B-9ABA-BC803B73C61A}") = "SistemaWebControleEstoque", "SistemaWebControleEstoque\", "{3766B780-320F-4377-9A36-F2257438D860}"
	ProjectSection(WebsiteProperties) = preProject
		TargetFrameworkMoniker = ".NETFramework,Version%3Dv4.6.1"
		Debug.AspNetCompiler.VirtualPath = "/localhost_51729"
		Debug.AspNetCompiler.PhysicalPath = "SistemaWebControleEstoque\"
		Debug.AspNetCompiler.TargetPath = "PrecompiledWeb\localhost_51729\"
		Debug.AspNetCompiler.Updateable = "true"
		Debug.AspNetCompiler.ForceOverwrite = "true"
		Debug.AspNetCompiler.FixedNames = "false"
		Debug.AspNetCompiler.Debug = "True"
		Release.AspNetCompiler.VirtualPath = "/localhost_51729"
		Release.AspNetCompiler.PhysicalPath = "SistemaWebControleEstoque\"
		Release.AspNetCompiler.TargetPath = "PrecompiledWeb\localhost_51729\"
		Release.AspNetCompiler.Updateable = "true"
		Release.AspNetCompiler.ForceOverwrite = "true"
		Release.AspNetCompiler.FixedNames = "false"
		Release.AspNetCompiler.Debug = "False"
		VWDPort = "51729"
		SlnRelativePath = "SistemaWebControleEstoque\"
		DefaultWebSiteLanguage = "Visual C#"
	EndProjectSection
EndProject
Global
	GlobalSection(SolutionConfigurationPlatforms) = preSolution
		Debug|Any CPU = Debug|Any CPU
	EndGlobalSection
	GlobalSection(ProjectConfigurationPlatforms) = postSolution
		{3766B780-320F-4377-9A36-F2257438D860}.Debug|Any CPU.ActiveCfg = Debug|Any CPU
		{3766B780-320F-4377-9A36-F2257438D860}.Debug|Any CPU.Build.0 = Debug|Any CPU
	EndGlobalSection
	GlobalSection(SolutionProperties) = preSolution
		HideSolutionNode = FALSE
	EndGlobalSection
	GlobalSection(ExtensibilityGlobals) = postSolution
		SolutionGuid = {D3BC3979-FF2C-4996-9BF0-21FD850BE647}
	EndGlobalSection
EndGlobal
